{
    "version": 3,
    "terraform_version": "0.11.11",
    "serial": 6,
    "lineage": "a7865abf-f800-f290-0e2a-af886667f059",
    "modules": [
        {
            "path": [
                "root"
            ],
            "outputs": {
                "instance_profile_arn": {
                    "sensitive": false,
                    "type": "string",
                    "value": "arn:aws:iam::458107786157:instance-profile/ec2-profile"
                },
                "instance_profile_name": {
                    "sensitive": false,
                    "type": "string",
                    "value": "ec2-profile"
                },
                "public-ip": {
                    "sensitive": false,
                    "type": "string",
                    "value": "3.93.147.20"
                }
            },
            "resources": {
                "aws_iam_instance_profile.ec2-profile": {
                    "type": "aws_iam_instance_profile",
                    "depends_on": [
                        "aws_iam_role.ec2-role"
                    ],
                    "primary": {
                        "id": "ec2-profile",
                        "attributes": {
                            "arn": "arn:aws:iam::458107786157:instance-profile/ec2-profile",
                            "create_date": "2019-01-30T12:20:48Z",
                            "id": "ec2-profile",
                            "name": "ec2-profile",
                            "path": "/",
                            "role": "ec2-role",
                            "roles.#": "0",
                            "unique_id": "AIPAIT7XPW3736R3OLFA2"
                        },
                        "meta": {},
                        "tainted": false
                    },
                    "deposed": [],
                    "provider": "provider.aws"
                },
                "aws_iam_role.ec2-role": {
                    "type": "aws_iam_role",
                    "depends_on": [],
                    "primary": {
                        "id": "ec2-role",
                        "attributes": {
                            "arn": "arn:aws:iam::458107786157:role/ec2-role",
                            "assume_role_policy": "{\"Version\":\"2012-10-17\",\"Statement\":[{\"Sid\":\"\",\"Effect\":\"Allow\",\"Principal\":{\"Service\":\"ec2.amazonaws.com\"},\"Action\":\"sts:AssumeRole\"}]}",
                            "create_date": "2019-01-30T12:20:46Z",
                            "description": "",
                            "force_detach_policies": "false",
                            "id": "ec2-role",
                            "max_session_duration": "3600",
                            "name": "ec2-role",
                            "path": "/",
                            "tags.%": "0",
                            "unique_id": "AROAJ7EUAOAWF2OSWGBMS"
                        },
                        "meta": {},
                        "tainted": false
                    },
                    "deposed": [],
                    "provider": "provider.aws"
                },
                "aws_iam_role_policy.test_policy": {
                    "type": "aws_iam_role_policy",
                    "depends_on": [
                        "aws_iam_role.ec2-role"
                    ],
                    "primary": {
                        "id": "ec2-role:test_policy",
                        "attributes": {
                            "id": "ec2-role:test_policy",
                            "name": "test_policy",
                            "policy": "{\n  \"Version\": \"2012-10-17\",\n  \"Statement\": [\n    {\n      \"Sid\": \"Stmt1548789702088\",\n      \"Action\": [\n        \"s3:CreateBucket\",\n        \"s3:DeleteBucket\",\n        \"s3:GetObject\",\n        \"s3:ListAllMyBuckets\"\n      ],\n      \"Effect\": \"Allow\",\n      \"Resource\": \"arn:aws:s3:::azo-s3bkp-dctr1\"\n    }\n  ]\n}\n",
                            "role": "ec2-role"
                        },
                        "meta": {},
                        "tainted": false
                    },
                    "deposed": [],
                    "provider": "provider.aws"
                },
                "aws_instance.test_instance": {
                    "type": "aws_instance",
                    "depends_on": [
                        "aws_iam_instance_profile.ec2-profile",
                        "aws_key_pair.test-key"
                    ],
                    "primary": {
                        "id": "i-025ba34c0b9204f8a",
                        "attributes": {
                            "ami": "ami-70dad51a",
                            "arn": "arn:aws:ec2:us-east-1:458107786157:instance/i-025ba34c0b9204f8a",
                            "associate_public_ip_address": "true",
                            "availability_zone": "us-east-1d",
                            "cpu_core_count": "1",
                            "cpu_threads_per_core": "1",
                            "credit_specification.#": "1",
                            "credit_specification.0.cpu_credits": "standard",
                            "disable_api_termination": "false",
                            "ebs_block_device.#": "0",
                            "ebs_optimized": "false",
                            "ephemeral_block_device.#": "0",
                            "get_password_data": "false",
                            "iam_instance_profile": "ec2-profile",
                            "id": "i-025ba34c0b9204f8a",
                            "instance_state": "running",
                            "instance_type": "t2.micro",
                            "ipv6_addresses.#": "0",
                            "key_name": "deployer-key",
                            "monitoring": "false",
                            "network_interface.#": "0",
                            "network_interface_id": "eni-0133db4ce73919757",
                            "password_data": "",
                            "placement_group": "",
                            "primary_network_interface_id": "eni-0133db4ce73919757",
                            "private_dns": "ip-172-31-83-128.ec2.internal",
                            "private_ip": "172.31.83.128",
                            "public_dns": "ec2-3-93-147-20.compute-1.amazonaws.com",
                            "public_ip": "3.93.147.20",
                            "root_block_device.#": "1",
                            "root_block_device.0.delete_on_termination": "true",
                            "root_block_device.0.iops": "0",
                            "root_block_device.0.volume_id": "vol-00f52a9142815c859",
                            "root_block_device.0.volume_size": "8",
                            "root_block_device.0.volume_type": "standard",
                            "security_groups.#": "1",
                            "security_groups.3814588639": "default",
                            "source_dest_check": "true",
                            "subnet_id": "subnet-5bec7775",
                            "tags.%": "1",
                            "tags.Name": "First-Instance",
                            "tenancy": "default",
                            "volume_tags.%": "0",
                            "vpc_security_group_ids.#": "1",
                            "vpc_security_group_ids.3281960991": "sg-7dee0d3e"
                        },
                        "meta": {
                            "e2bfb730-ecaa-11e6-8f88-34363bc7c4c0": {
                                "create": 600000000000,
                                "delete": 1200000000000,
                                "update": 600000000000
                            },
                            "schema_version": "1"
                        },
                        "tainted": false
                    },
                    "deposed": [],
                    "provider": "provider.aws"
                },
                "aws_key_pair.test-key": {
                    "type": "aws_key_pair",
                    "depends_on": [],
                    "primary": {
                        "id": "deployer-key",
                        "attributes": {
                            "fingerprint": "f0:74:b1:b2:30:ba:46:fe:e9:bb:91:76:44:bd:8b:63",
                            "id": "deployer-key",
                            "key_name": "deployer-key",
                            "public_key": "ssh-rsa AAAAB3NzaC1yc2EAAAADAQABAAACAQCyn9FUgBglav/kKQosILzTTVYf86Uc+/XUfl0uwaZHwpbtFAb2PqBY0vZZHO0MQAifTth5+woGbkfhYNmsjAWE4Hs8T14DptFy+q9dGrZlgZVK1e3J0eu/4n85X9e4lc0vvFvvGIyOsOx++J99vElXkWPnWBYaSyy0xFjUyUVcYYEaYMr9vGhw7+OY4HZIV6hyafIrHAeFloOUdKHGd7PZ1iW1Mdgw3FKESOnWhL1uM8UFEKsaZ9yU3U6Ls6xkzmx38RSPeUJlJtPoK9nx3mKDWHCWCDNyrsqF+h3zhJaMzYc1k4gzEG4kYcxwYE3flxtygVx2euB9EwJ27B/ozz7wzJW4YMjntKdO88l9MiOhPjKU68Epe5MW7xo+ZmXNE88l6h9uygipOX4XAK5NHDCWOyym6HDJsJZVs3pLEh9suqenYS5MCR7RO4QG/0IKe57ydhRHIcF6a/t47Hh3VY14xNtkCjFqIrvtQKMTFTMajSyFa73UgpyeDt2aiH6IedYRGXHDo8jpFune1WsczTJeZBgZND2GC5gF+M9UwdADX7zEG4nsg36Wi3Z9PyRmc7S1OdDRDSLdVGtZaXu/aHaidZJXmAvIKXoMI75riAeusv+0PENMOLlhptVcNNVXEDGu0ndlNugTT468hMakQj06lVq4IraaXykPNvgFWryB+w== hkbangaru@gmail.com"
                        },
                        "meta": {
                            "schema_version": "1"
                        },
                        "tainted": false
                    },
                    "deposed": [],
                    "provider": "provider.aws"
                },
                "aws_security_group.test_sg": {
                    "type": "aws_security_group",
                    "depends_on": [],
                    "primary": {
                        "id": "sg-072591c9013bea75d",
                        "attributes": {
                            "arn": "arn:aws:ec2:us-east-1:458107786157:security-group/sg-072591c9013bea75d",
                            "description": "Security Group for test ubuntu Server",
                            "egress.#": "0",
                            "id": "sg-072591c9013bea75d",
                            "ingress.#": "0",
                            "name": "ueast-test-sg",
                            "owner_id": "458107786157",
                            "revoke_rules_on_delete": "false",
                            "tags.%": "1",
                            "tags.Name": "ueast-test-sg",
                            "vpc_id": "vpc-de369fa4"
                        },
                        "meta": {
                            "e2bfb730-ecaa-11e6-8f88-34363bc7c4c0": {
                                "create": 600000000000,
                                "delete": 600000000000
                            },
                            "schema_version": "1"
                        },
                        "tainted": false
                    },
                    "deposed": [],
                    "provider": "provider.aws"
                }
            },
            "depends_on": []
        }
    ]
}
